
Microsoft Visual Studio Solution File, Format Version 12.00
# Visual Studio 15
VisualStudioVersion = 15.0.27703.2047
MinimumVisualStudioVersion = 10.0.40219.1
Project("{FAE04EC0-301F-11D3-BF4B-00C04F79EFBC}") = "FarGalaxy.Entities", "FarGalaxy.Entities\FarGalaxy.Entities.csproj", "{41A64835-0E99-4BCF-9087-10CE51BB5A58}"
EndProject
Project("{FAE04EC0-301F-11D3-BF4B-00C04F79EFBC}") = "FarGalaxy.Mathematics", "FarGalaxy.Mathematics\FarGalaxy.Mathematics.csproj", "{B0DF5DD6-65CA-4E42-955C-04A31AE24467}"
EndProject
Project("{2150E333-8FDC-42A3-9474-1A3956D46DE8}") = "Domain", "Domain", "{BA03113C-33FC-4107-8021-94016E15B0AB}"
EndProject
Project("{2150E333-8FDC-42A3-9474-1A3956D46DE8}") = "Common", "Common", "{DB454793-1067-41C5-AEF9-87FC0EFA886E}"
EndProject
Project("{FAE04EC0-301F-11D3-BF4B-00C04F79EFBC}") = "FarGalaxy.Services", "FarGalaxy.Services\FarGalaxy.Services.csproj", "{A7FA0C38-FC2C-4E6B-9C8F-11CB4B4654F0}"
EndProject
Project("{FAE04EC0-301F-11D3-BF4B-00C04F79EFBC}") = "FarGalaxy.Contracts", "FarGalaxy.Contracts\FarGalaxy.Contracts.csproj", "{887B3849-033A-46AB-B207-8B44EED467A4}"
EndProject
Project("{2150E333-8FDC-42A3-9474-1A3956D46DE8}") = "Jobs", "Jobs", "{B6B4419E-69D1-4902-B254-5174B000BD6B}"
EndProject
Project("{FAE04EC0-301F-11D3-BF4B-00C04F79EFBC}") = "FarGalaxy.Jobs", "FarGalaxy.Jobs\FarGalaxy.Jobs.csproj", "{4F9B0F7E-1F6B-461D-A799-E37540A92623}"
EndProject
Project("{2150E333-8FDC-42A3-9474-1A3956D46DE8}") = "DataAccess", "DataAccess", "{25232848-48DF-4E77-A62A-1C1F8055005C}"
EndProject
Project("{FAE04EC0-301F-11D3-BF4B-00C04F79EFBC}") = "FarGalaxy.Data", "FarGalaxy.Data\FarGalaxy.Data.csproj", "{A8C5094A-A827-4CA0-A2DA-E0D33AC77054}"
EndProject
Project("{FAE04EC0-301F-11D3-BF4B-00C04F79EFBC}") = "FarGalaxy.Repositories", "FarGalaxy.Repository\FarGalaxy.Repositories.csproj", "{026770D7-E04D-4E05-A9D7-DEB2DF05CE78}"
EndProject
Project("{FAE04EC0-301F-11D3-BF4B-00C04F79EFBC}") = "FarGalaxy.Dto", "FarGalaxy.Dto\FarGalaxy.Dto.csproj", "{4E30F598-21E2-4C7C-9ABC-A3ABC5E68FD0}"
EndProject
Project("{FAE04EC0-301F-11D3-BF4B-00C04F79EFBC}") = "FarGalaxy.IoC", "FarGalaxy.IoC\FarGalaxy.IoC.csproj", "{B77CE644-D375-470B-87CA-A8BE22294694}"
EndProject
Project("{2150E333-8FDC-42A3-9474-1A3956D46DE8}") = "Api", "Api", "{D61C6AF9-FD04-4FA7-A67A-0CC1E451C79D}"
EndProject
Project("{FAE04EC0-301F-11D3-BF4B-00C04F79EFBC}") = "FarGalaxy.Api", "FarGalaxy.Api\FarGalaxy.Api.csproj", "{D508E884-914F-4E5F-A4CE-B49D87F83975}"
EndProject
Global
	GlobalSection(SolutionConfigurationPlatforms) = preSolution
		Debug|Any CPU = Debug|Any CPU
		Release|Any CPU = Release|Any CPU
	EndGlobalSection
	GlobalSection(ProjectConfigurationPlatforms) = postSolution
		{41A64835-0E99-4BCF-9087-10CE51BB5A58}.Debug|Any CPU.ActiveCfg = Debug|Any CPU
		{41A64835-0E99-4BCF-9087-10CE51BB5A58}.Debug|Any CPU.Build.0 = Debug|Any CPU
		{41A64835-0E99-4BCF-9087-10CE51BB5A58}.Release|Any CPU.ActiveCfg = Release|Any CPU
		{41A64835-0E99-4BCF-9087-10CE51BB5A58}.Release|Any CPU.Build.0 = Release|Any CPU
		{B0DF5DD6-65CA-4E42-955C-04A31AE24467}.Debug|Any CPU.ActiveCfg = Debug|Any CPU
		{B0DF5DD6-65CA-4E42-955C-04A31AE24467}.Debug|Any CPU.Build.0 = Debug|Any CPU
		{B0DF5DD6-65CA-4E42-955C-04A31AE24467}.Release|Any CPU.ActiveCfg = Release|Any CPU
		{B0DF5DD6-65CA-4E42-955C-04A31AE24467}.Release|Any CPU.Build.0 = Release|Any CPU
		{A7FA0C38-FC2C-4E6B-9C8F-11CB4B4654F0}.Debug|Any CPU.ActiveCfg = Debug|Any CPU
		{A7FA0C38-FC2C-4E6B-9C8F-11CB4B4654F0}.Debug|Any CPU.Build.0 = Debug|Any CPU
		{A7FA0C38-FC2C-4E6B-9C8F-11CB4B4654F0}.Release|Any CPU.ActiveCfg = Release|Any CPU
		{A7FA0C38-FC2C-4E6B-9C8F-11CB4B4654F0}.Release|Any CPU.Build.0 = Release|Any CPU
		{887B3849-033A-46AB-B207-8B44EED467A4}.Debug|Any CPU.ActiveCfg = Debug|Any CPU
		{887B3849-033A-46AB-B207-8B44EED467A4}.Debug|Any CPU.Build.0 = Debug|Any CPU
		{887B3849-033A-46AB-B207-8B44EED467A4}.Release|Any CPU.ActiveCfg = Release|Any CPU
		{887B3849-033A-46AB-B207-8B44EED467A4}.Release|Any CPU.Build.0 = Release|Any CPU
		{4F9B0F7E-1F6B-461D-A799-E37540A92623}.Debug|Any CPU.ActiveCfg = Debug|Any CPU
		{4F9B0F7E-1F6B-461D-A799-E37540A92623}.Debug|Any CPU.Build.0 = Debug|Any CPU
		{4F9B0F7E-1F6B-461D-A799-E37540A92623}.Release|Any CPU.ActiveCfg = Release|Any CPU
		{4F9B0F7E-1F6B-461D-A799-E37540A92623}.Release|Any CPU.Build.0 = Release|Any CPU
		{A8C5094A-A827-4CA0-A2DA-E0D33AC77054}.Debug|Any CPU.ActiveCfg = Debug|Any CPU
		{A8C5094A-A827-4CA0-A2DA-E0D33AC77054}.Debug|Any CPU.Build.0 = Debug|Any CPU
		{A8C5094A-A827-4CA0-A2DA-E0D33AC77054}.Release|Any CPU.ActiveCfg = Release|Any CPU
		{A8C5094A-A827-4CA0-A2DA-E0D33AC77054}.Release|Any CPU.Build.0 = Release|Any CPU
		{026770D7-E04D-4E05-A9D7-DEB2DF05CE78}.Debug|Any CPU.ActiveCfg = Debug|Any CPU
		{026770D7-E04D-4E05-A9D7-DEB2DF05CE78}.Debug|Any CPU.Build.0 = Debug|Any CPU
		{026770D7-E04D-4E05-A9D7-DEB2DF05CE78}.Release|Any CPU.ActiveCfg = Release|Any CPU
		{026770D7-E04D-4E05-A9D7-DEB2DF05CE78}.Release|Any CPU.Build.0 = Release|Any CPU
		{4E30F598-21E2-4C7C-9ABC-A3ABC5E68FD0}.Debug|Any CPU.ActiveCfg = Debug|Any CPU
		{4E30F598-21E2-4C7C-9ABC-A3ABC5E68FD0}.Debug|Any CPU.Build.0 = Debug|Any CPU
		{4E30F598-21E2-4C7C-9ABC-A3ABC5E68FD0}.Release|Any CPU.ActiveCfg = Release|Any CPU
		{4E30F598-21E2-4C7C-9ABC-A3ABC5E68FD0}.Release|Any CPU.Build.0 = Release|Any CPU
		{B77CE644-D375-470B-87CA-A8BE22294694}.Debug|Any CPU.ActiveCfg = Debug|Any CPU
		{B77CE644-D375-470B-87CA-A8BE22294694}.Debug|Any CPU.Build.0 = Debug|Any CPU
		{B77CE644-D375-470B-87CA-A8BE22294694}.Release|Any CPU.ActiveCfg = Release|Any CPU
		{B77CE644-D375-470B-87CA-A8BE22294694}.Release|Any CPU.Build.0 = Release|Any CPU
		{D508E884-914F-4E5F-A4CE-B49D87F83975}.Debug|Any CPU.ActiveCfg = Debug|Any CPU
		{D508E884-914F-4E5F-A4CE-B49D87F83975}.Debug|Any CPU.Build.0 = Debug|Any CPU
		{D508E884-914F-4E5F-A4CE-B49D87F83975}.Release|Any CPU.ActiveCfg = Release|Any CPU
		{D508E884-914F-4E5F-A4CE-B49D87F83975}.Release|Any CPU.Build.0 = Release|Any CPU
	EndGlobalSection
	GlobalSection(SolutionProperties) = preSolution
		HideSolutionNode = FALSE
	EndGlobalSection
	GlobalSection(NestedProjects) = preSolution
		{41A64835-0E99-4BCF-9087-10CE51BB5A58} = {BA03113C-33FC-4107-8021-94016E15B0AB}
		{B0DF5DD6-65CA-4E42-955C-04A31AE24467} = {DB454793-1067-41C5-AEF9-87FC0EFA886E}
		{A7FA0C38-FC2C-4E6B-9C8F-11CB4B4654F0} = {BA03113C-33FC-4107-8021-94016E15B0AB}
		{887B3849-033A-46AB-B207-8B44EED467A4} = {DB454793-1067-41C5-AEF9-87FC0EFA886E}
		{4F9B0F7E-1F6B-461D-A799-E37540A92623} = {B6B4419E-69D1-4902-B254-5174B000BD6B}
		{A8C5094A-A827-4CA0-A2DA-E0D33AC77054} = {25232848-48DF-4E77-A62A-1C1F8055005C}
		{026770D7-E04D-4E05-A9D7-DEB2DF05CE78} = {25232848-48DF-4E77-A62A-1C1F8055005C}
		{4E30F598-21E2-4C7C-9ABC-A3ABC5E68FD0} = {BA03113C-33FC-4107-8021-94016E15B0AB}
		{B77CE644-D375-470B-87CA-A8BE22294694} = {DB454793-1067-41C5-AEF9-87FC0EFA886E}
		{D508E884-914F-4E5F-A4CE-B49D87F83975} = {D61C6AF9-FD04-4FA7-A67A-0CC1E451C79D}
	EndGlobalSection
	GlobalSection(ExtensibilityGlobals) = postSolution
		SolutionGuid = {083783F7-9110-4C26-95B6-991AEAD40F5F}
	EndGlobalSection
EndGlobal
